// !$*UTF8*$!
{
	archiveVersion = 1;
	classes = {
	};
	objectVersion = 50;
	objects = {

/* Begin PBXBuildFile section */
		4C15E40823FEBA5000F68D09 /* sample2.jpeg in Resources */ = {isa = PBXBuildFile; fileRef = 4C15E40723FEBA5000F68D09 /* sample2.jpeg */; };
		4C15E40A23FEBAA700F68D09 /* sample1.jpeg in Resources */ = {isa = PBXBuildFile; fileRef = 4C15E40923FEBAA600F68D09 /* sample1.jpeg */; };
		4C15E40C23FEBAB700F68D09 /* sample3.jpeg in Resources */ = {isa = PBXBuildFile; fileRef = 4C15E40B23FEBAB700F68D09 /* sample3.jpeg */; };
		4C15E40E23FEBAC200F68D09 /* sample4.jpeg in Resources */ = {isa = PBXBuildFile; fileRef = 4C15E40D23FEBAC200F68D09 /* sample4.jpeg */; };
		4C15E41023FEBACB00F68D09 /* sample5.jpeg in Resources */ = {isa = PBXBuildFile; fileRef = 4C15E40F23FEBACB00F68D09 /* sample5.jpeg */; };
		4C15E41223FEBAD600F68D09 /* sample6.jpeg in Resources */ = {isa = PBXBuildFile; fileRef = 4C15E41123FEBAD500F68D09 /* sample6.jpeg */; };
		4C15E41423FEBAE000F68D09 /* sample7.jpeg in Resources */ = {isa = PBXBuildFile; fileRef = 4C15E41323FEBAE000F68D09 /* sample7.jpeg */; };
		4C15E41623FEBAF000F68D09 /* sample8.jpeg in Resources */ = {isa = PBXBuildFile; fileRef = 4C15E41523FEBAF000F68D09 /* sample8.jpeg */; };
		4C15E41823FEBAF900F68D09 /* sample9.jpeg in Resources */ = {isa = PBXBuildFile; fileRef = 4C15E41723FEBAF900F68D09 /* sample9.jpeg */; };
		4C15E41A23FEBB0200F68D09 /* sample10.jpeg in Resources */ = {isa = PBXBuildFile; fileRef = 4C15E41923FEBB0200F68D09 /* sample10.jpeg */; };
		4C15E41C23FEBB0900F68D09 /* sample11.jpeg in Resources */ = {isa = PBXBuildFile; fileRef = 4C15E41B23FEBB0900F68D09 /* sample11.jpeg */; };
		4C15E41E23FEBB1100F68D09 /* sample12.jpeg in Resources */ = {isa = PBXBuildFile; fileRef = 4C15E41D23FEBB1100F68D09 /* sample12.jpeg */; };
		4C15E42023FEBB1800F68D09 /* sample13.jpeg in Resources */ = {isa = PBXBuildFile; fileRef = 4C15E41F23FEBB1800F68D09 /* sample13.jpeg */; };
		4C15E42223FEBB2000F68D09 /* sample14.jpeg in Resources */ = {isa = PBXBuildFile; fileRef = 4C15E42123FEBB2000F68D09 /* sample14.jpeg */; };
		4C15E42423FEBB2B00F68D09 /* sample15.jpeg in Resources */ = {isa = PBXBuildFile; fileRef = 4C15E42323FEBB2B00F68D09 /* sample15.jpeg */; };
		4C15E42623FEBB3600F68D09 /* sample16.jpeg in Resources */ = {isa = PBXBuildFile; fileRef = 4C15E42523FEBB3600F68D09 /* sample16.jpeg */; };
		4CECD09923FC1AFA00101645 /* AppDelegate.swift in Sources */ = {isa = PBXBuildFile; fileRef = 4CECD09823FC1AFA00101645 /* AppDelegate.swift */; };
		4CECD09B23FC1AFA00101645 /* SceneDelegate.swift in Sources */ = {isa = PBXBuildFile; fileRef = 4CECD09A23FC1AFA00101645 /* SceneDelegate.swift */; };
		4CECD09D23FC1AFA00101645 /* ViewController.swift in Sources */ = {isa = PBXBuildFile; fileRef = 4CECD09C23FC1AFA00101645 /* ViewController.swift */; };
		4CECD0A023FC1AFA00101645 /* Main.storyboard in Resources */ = {isa = PBXBuildFile; fileRef = 4CECD09E23FC1AFA00101645 /* Main.storyboard */; };
		4CECD0A223FC1AFB00101645 /* Assets.xcassets in Resources */ = {isa = PBXBuildFile; fileRef = 4CECD0A123FC1AFB00101645 /* Assets.xcassets */; };
		4CECD0A523FC1AFB00101645 /* LaunchScreen.storyboard in Resources */ = {isa = PBXBuildFile; fileRef = 4CECD0A323FC1AFB00101645 /* LaunchScreen.storyboard */; };
		4CECD0AD23FC35C700101645 /* ZoomInViewController.swift in Sources */ = {isa = PBXBuildFile; fileRef = 4CECD0AC23FC35C700101645 /* ZoomInViewController.swift */; };
/* End PBXBuildFile section */

/* Begin PBXFileReference section */
		4C15E40723FEBA5000F68D09 /* sample2.jpeg */ = {isa = PBXFileReference; lastKnownFileType = image.jpeg; path = sample2.jpeg; sourceTree = "<group>"; };
		4C15E40923FEBAA600F68D09 /* sample1.jpeg */ = {isa = PBXFileReference; lastKnownFileType = image.jpeg; path = sample1.jpeg; sourceTree = "<group>"; };
		4C15E40B23FEBAB700F68D09 /* sample3.jpeg */ = {isa = PBXFileReference; lastKnownFileType = image.jpeg; path = sample3.jpeg; sourceTree = "<group>"; };
		4C15E40D23FEBAC200F68D09 /* sample4.jpeg */ = {isa = PBXFileReference; lastKnownFileType = image.jpeg; path = sample4.jpeg; sourceTree = "<group>"; };
		4C15E40F23FEBACB00F68D09 /* sample5.jpeg */ = {isa = PBXFileReference; lastKnownFileType = image.jpeg; path = sample5.jpeg; sourceTree = "<group>"; };
		4C15E41123FEBAD500F68D09 /* sample6.jpeg */ = {isa = PBXFileReference; lastKnownFileType = image.jpeg; path = sample6.jpeg; sourceTree = "<group>"; };
		4C15E41323FEBAE000F68D09 /* sample7.jpeg */ = {isa = PBXFileReference; lastKnownFileType = image.jpeg; path = sample7.jpeg; sourceTree = "<group>"; };
		4C15E41523FEBAF000F68D09 /* sample8.jpeg */ = {isa = PBXFileReference; lastKnownFileType = image.jpeg; path = sample8.jpeg; sourceTree = "<group>"; };
		4C15E41723FEBAF900F68D09 /* sample9.jpeg */ = {isa = PBXFileReference; lastKnownFileType = image.jpeg; path = sample9.jpeg; sourceTree = "<group>"; };
		4C15E41923FEBB0200F68D09 /* sample10.jpeg */ = {isa = PBXFileReference; lastKnownFileType = image.jpeg; path = sample10.jpeg; sourceTree = "<group>"; };
		4C15E41B23FEBB0900F68D09 /* sample11.jpeg */ = {isa = PBXFileReference; lastKnownFileType = image.jpeg; path = sample11.jpeg; sourceTree = "<group>"; };
		4C15E41D23FEBB1100F68D09 /* sample12.jpeg */ = {isa = PBXFileReference; lastKnownFileType = image.jpeg; path = sample12.jpeg; sourceTree = "<group>"; };
		4C15E41F23FEBB1800F68D09 /* sample13.jpeg */ = {isa = PBXFileReference; lastKnownFileType = image.jpeg; path = sample13.jpeg; sourceTree = "<group>"; };
		4C15E42123FEBB2000F68D09 /* sample14.jpeg */ = {isa = PBXFileReference; lastKnownFileType = image.jpeg; path = sample14.jpeg; sourceTree = "<group>"; };
		4C15E42323FEBB2B00F68D09 /* sample15.jpeg */ = {isa = PBXFileReference; lastKnownFileType = image.jpeg; path = sample15.jpeg; sourceTree = "<group>"; };
		4C15E42523FEBB3600F68D09 /* sample16.jpeg */ = {isa = PBXFileReference; lastKnownFileType = image.jpeg; path = sample16.jpeg; sourceTree = "<group>"; };
		4CECD09523FC1AFA00101645 /* SlideshowApp.app */ = {isa = PBXFileReference; explicitFileType = wrapper.application; includeInIndex = 0; path = SlideshowApp.app; sourceTree = BUILT_PRODUCTS_DIR; };
		4CECD09823FC1AFA00101645 /* AppDelegate.swift */ = {isa = PBXFileReference; lastKnownFileType = sourcecode.swift; path = AppDelegate.swift; sourceTree = "<group>"; };
		4CECD09A23FC1AFA00101645 /* SceneDelegate.swift */ = {isa = PBXFileReference; lastKnownFileType = sourcecode.swift; path = SceneDelegate.swift; sourceTree = "<group>"; };
		4CECD09C23FC1AFA00101645 /* ViewController.swift */ = {isa = PBXFileReference; lastKnownFileType = sourcecode.swift; path = ViewController.swift; sourceTree = "<group>"; };
		4CECD09F23FC1AFA00101645 /* Base */ = {isa = PBXFileReference; lastKnownFileType = file.storyboard; name = Base; path = Base.lproj/Main.storyboard; sourceTree = "<group>"; };
		4CECD0A123FC1AFB00101645 /* Assets.xcassets */ = {isa = PBXFileReference; lastKnownFileType = folder.assetcatalog; path = Assets.xcassets; sourceTree = "<group>"; };
		4CECD0A423FC1AFB00101645 /* Base */ = {isa = PBXFileReference; lastKnownFileType = file.storyboard; name = Base; path = Base.lproj/LaunchScreen.storyboard; sourceTree = "<group>"; };
		4CECD0A623FC1AFB00101645 /* Info.plist */ = {isa = PBXFileReference; lastKnownFileType = text.plist.xml; path = Info.plist; sourceTree = "<group>"; };
		4CECD0AC23FC35C700101645 /* ZoomInViewController.swift */ = {isa = PBXFileReference; lastKnownFileType = sourcecode.swift; path = ZoomInViewController.swift; sourceTree = "<group>"; };
/* End PBXFileReference section */

/* Begin PBXFrameworksBuildPhase section */
		4CECD09223FC1AFA00101645 /* Frameworks */ = {
			isa = PBXFrameworksBuildPhase;
			buildActionMask = 2147483647;
			files = (
			);
			runOnlyForDeploymentPostprocessing = 0;
		};
/* End PBXFrameworksBuildPhase section */

/* Begin PBXGroup section */
		4CECD08C23FC1AFA00101645 = {
			isa = PBXGroup;
			children = (
				4CECD09723FC1AFA00101645 /* SlideshowApp */,
				4CECD09623FC1AFA00101645 /* Products */,
			);
			sourceTree = "<group>";
		};
		4CECD09623FC1AFA00101645 /* Products */ = {
			isa = PBXGroup;
			children = (
				4CECD09523FC1AFA00101645 /* SlideshowApp.app */,
			);
			name = Products;
			sourceTree = "<group>";
		};
		4CECD09723FC1AFA00101645 /* SlideshowApp */ = {
			isa = PBXGroup;
			children = (
				4CECD09823FC1AFA00101645 /* AppDelegate.swift */,
				4CECD09A23FC1AFA00101645 /* SceneDelegate.swift */,
				4CECD09C23FC1AFA00101645 /* ViewController.swift */,
				4C15E40923FEBAA600F68D09 /* sample1.jpeg */,
				4C15E40723FEBA5000F68D09 /* sample2.jpeg */,
				4C15E40B23FEBAB700F68D09 /* sample3.jpeg */,
				4C15E40D23FEBAC200F68D09 /* sample4.jpeg */,
				4C15E40F23FEBACB00F68D09 /* sample5.jpeg */,
				4C15E41123FEBAD500F68D09 /* sample6.jpeg */,
				4C15E41323FEBAE000F68D09 /* sample7.jpeg */,
				4C15E41523FEBAF000F68D09 /* sample8.jpeg */,
				4C15E41723FEBAF900F68D09 /* sample9.jpeg */,
				4C15E41923FEBB0200F68D09 /* sample10.jpeg */,
				4C15E41B23FEBB0900F68D09 /* sample11.jpeg */,
				4C15E41D23FEBB1100F68D09 /* sample12.jpeg */,
				4C15E41F23FEBB1800F68D09 /* sample13.jpeg */,
				4C15E42123FEBB2000F68D09 /* sample14.jpeg */,
				4C15E42323FEBB2B00F68D09 /* sample15.jpeg */,
				4C15E42523FEBB3600F68D09 /* sample16.jpeg */,
				4CECD09E23FC1AFA00101645 /* Main.storyboard */,
				4CECD0A123FC1AFB00101645 /* Assets.xcassets */,
				4CECD0A323FC1AFB00101645 /* LaunchScreen.storyboard */,
				4CECD0A623FC1AFB00101645 /* Info.plist */,
				4CECD0AC23FC35C700101645 /* ZoomInViewController.swift */,
			);
			path = SlideshowApp;
			sourceTree = "<group>";
		};
/* End PBXGroup section */

/* Begin PBXNativeTarget section */
		4CECD09423FC1AFA00101645 /* SlideshowApp */ = {
			isa = PBXNativeTarget;
			buildConfigurationList = 4CECD0A923FC1AFB00101645 /* Build configuration list for PBXNativeTarget "SlideshowApp" */;
			buildPhases = (
				4CECD09123FC1AFA00101645 /* Sources */,
				4CECD09223FC1AFA00101645 /* Frameworks */,
				4CECD09323FC1AFA00101645 /* Resources */,
			);
			buildRules = (
			);
			dependencies = (
			);
			name = SlideshowApp;
			productName = SlideshowApp;
			productReference = 4CECD09523FC1AFA00101645 /* SlideshowApp.app */;
			productType = "com.apple.product-type.application";
		};
/* End PBXNativeTarget section */

/* Begin PBXProject section */
		4CECD08D23FC1AFA00101645 /* Project object */ = {
			isa = PBXProject;
			attributes = {
				LastSwiftUpdateCheck = 1110;
				LastUpgradeCheck = 1110;
				ORGANIZATIONNAME = NAOKI.II;
				TargetAttributes = {
					4CECD09423FC1AFA00101645 = {
						CreatedOnToolsVersion = 11.1;
					};
				};
			};
			buildConfigurationList = 4CECD09023FC1AFA00101645 /* Build configuration list for PBXProject "SlideshowApp" */;
			compatibilityVersion = "Xcode 9.3";
			developmentRegion = en;
			hasScannedForEncodings = 0;
			knownRegions = (
				en,
				Base,
			);
			mainGroup = 4CECD08C23FC1AFA00101645;
			productRefGroup = 4CECD09623FC1AFA00101645 /* Products */;
			projectDirPath = "";
			projectRoot = "";
			targets = (
				4CECD09423FC1AFA00101645 /* SlideshowApp */,
			);
		};
/* End PBXProject section */

/* Begin PBXResourcesBuildPhase section */
		4CECD09323FC1AFA00101645 /* Resources */ = {
			isa = PBXResourcesBuildPhase;
			buildActionMask = 2147483647;
			files = (
				4C15E40823FEBA5000F68D09 /* sample2.jpeg in Resources */,
				4C15E42023FEBB1800F68D09 /* sample13.jpeg in Resources */,
				4C15E42223FEBB2000F68D09 /* sample14.jpeg in Resources */,
				4C15E40E23FEBAC200F68D09 /* sample4.jpeg in Resources */,
				4C15E40C23FEBAB700F68D09 /* sample3.jpeg in Resources */,
				4CECD0A523FC1AFB00101645 /* LaunchScreen.storyboard in Resources */,
				4C15E41623FEBAF000F68D09 /* sample8.jpeg in Resources */,
				4C15E41C23FEBB0900F68D09 /* sample11.jpeg in Resources */,
				4C15E41823FEBAF900F68D09 /* sample9.jpeg in Resources */,
				4CECD0A223FC1AFB00101645 /* Assets.xcassets in Resources */,
				4C15E41023FEBACB00F68D09 /* sample5.jpeg in Resources */,
				4C15E41A23FEBB0200F68D09 /* sample10.jpeg in Resources */,
				4C15E41E23FEBB1100F68D09 /* sample12.jpeg in Resources */,
				4C15E41223FEBAD600F68D09 /* sample6.jpeg in Resources */,
				4CECD0A023FC1AFA00101645 /* Main.storyboard in Resources */,
				4C15E40A23FEBAA700F68D09 /* sample1.jpeg in Resources */,
				4C15E42623FEBB3600F68D09 /* sample16.jpeg in Resources */,
				4C15E42423FEBB2B00F68D09 /* sample15.jpeg in Resources */,
				4C15E41423FEBAE000F68D09 /* sample7.jpeg in Resources */,
			);
			runOnlyForDeploymentPostprocessing = 0;
		};
/* End PBXResourcesBuildPhase section */

/* Begin PBXSourcesBuildPhase section */
		4CECD09123FC1AFA00101645 /* Sources */ = {
			isa = PBXSourcesBuildPhase;
			buildActionMask = 2147483647;
			files = (
				4CECD0AD23FC35C700101645 /* ZoomInViewController.swift in Sources */,
				4CECD09D23FC1AFA00101645 /* ViewController.swift in Sources */,
				4CECD09923FC1AFA00101645 /* AppDelegate.swift in Sources */,
				4CECD09B23FC1AFA00101645 /* SceneDelegate.swift in Sources */,
			);
			runOnlyForDeploymentPostprocessing = 0;
		};
/* End PBXSourcesBuildPhase section */

/* Begin PBXVariantGroup section */
		4CECD09E23FC1AFA00101645 /* Main.storyboard */ = {
			isa = PBXVariantGroup;
			children = (
				4CECD09F23FC1AFA00101645 /* Base */,
			);
			name = Main.storyboard;
			sourceTree = "<group>";
		};
		4CECD0A323FC1AFB00101645 /* LaunchScreen.storyboard */ = {
			isa = PBXVariantGroup;
			children = (
				4CECD0A423FC1AFB00101645 /* Base */,
			);
			name = LaunchScreen.storyboard;
			sourceTree = "<group>";
		};
/* End PBXVariantGroup section */

/* Begin XCBuildConfiguration section */
		4CECD0A723FC1AFB00101645 /* Debug */ = {
			isa = XCBuildConfiguration;
			buildSettings = {
				ALWAYS_SEARCH_USER_PATHS = NO;
				CLANG_ANALYZER_NONNULL = YES;
				CLANG_ANALYZER_NUMBER_OBJECT_CONVERSION = YES_AGGRESSIVE;
				CLANG_CXX_LANGUAGE_STANDARD = "gnu++14";
				CLANG_CXX_LIBRARY = "libc++";
				CLANG_ENABLE_MODULES = YES;
				CLANG_ENABLE_OBJC_ARC = YES;
				CLANG_ENABLE_OBJC_WEAK = YES;
				CLANG_WARN_BLOCK_CAPTURE_AUTORELEASING = YES;
				CLANG_WARN_BOOL_CONVERSION = YES;
				CLANG_WARN_COMMA = YES;
				CLANG_WARN_CONSTANT_CONVERSION = YES;
				CLANG_WARN_DEPRECATED_OBJC_IMPLEMENTATIONS = YES;
				CLANG_WARN_DIRECT_OBJC_ISA_USAGE = YES_ERROR;
				CLANG_WARN_DOCUMENTATION_COMMENTS = YES;
				CLANG_WARN_EMPTY_BODY = YES;
				CLANG_WARN_ENUM_CONVERSION = YES;
				CLANG_WARN_INFINITE_RECURSION = YES;
				CLANG_WARN_INT_CONVERSION = YES;
				CLANG_WARN_NON_LITERAL_NULL_CONVERSION = YES;
				CLANG_WARN_OBJC_IMPLICIT_RETAIN_SELF = YES;
				CLANG_WARN_OBJC_LITERAL_CONVERSION = YES;
				CLANG_WARN_OBJC_ROOT_CLASS = YES_ERROR;
				CLANG_WARN_RANGE_LOOP_ANALYSIS = YES;
				CLANG_WARN_STRICT_PROTOTYPES = YES;
				CLANG_WARN_SUSPICIOUS_MOVE = YES;
				CLANG_WARN_UNGUARDED_AVAILABILITY = YES_AGGRESSIVE;
				CLANG_WARN_UNREACHABLE_CODE = YES;
				CLANG_WARN__DUPLICATE_METHOD_MATCH = YES;
				COPY_PHASE_STRIP = NO;
				DEBUG_INFORMATION_FORMAT = dwarf;
				ENABLE_STRICT_OBJC_MSGSEND = YES;
				ENABLE_TESTABILITY = YES;
				GCC_C_LANGUAGE_STANDARD = gnu11;
				GCC_DYNAMIC_NO_PIC = NO;
				GCC_NO_COMMON_BLOCKS = YES;
				GCC_OPTIMIZATION_LEVEL = 0;
				GCC_PREPROCESSOR_DEFINITIONS = (
					"DEBUG=1",
					"$(inherited)",
				);
				GCC_WARN_64_TO_32_BIT_CONVERSION = YES;
				GCC_WARN_ABOUT_RETURN_TYPE = YES_ERROR;
				GCC_WARN_UNDECLARED_SELECTOR = YES;
				GCC_WARN_UNINITIALIZED_AUTOS = YES_AGGRESSIVE;
				GCC_WARN_UNUSED_FUNCTION = YES;
				GCC_WARN_UNUSED_VARIABLE = YES;
				IPHONEOS_DEPLOYMENT_TARGET = 13.1;
				MTL_ENABLE_DEBUG_INFO = INCLUDE_SOURCE;
				MTL_FAST_MATH = YES;
				ONLY_ACTIVE_ARCH = YES;
				SDKROOT = iphoneos;
				SWIFT_ACTIVE_COMPILATION_CONDITIONS = DEBUG;
				SWIFT_OPTIMIZATION_LEVEL = "-Onone";
			};
			name = Debug;
		};
		4CECD0A823FC1AFB00101645 /* Release */ = {
			isa = XCBuildConfiguration;
			buildSettings = {
				ALWAYS_SEARCH_USER_PATHS = NO;
				CLANG_ANALYZER_NONNULL = YES;
				CLANG_ANALYZER_NUMBER_OBJECT_CONVERSION = YES_AGGRESSIVE;
				CLANG_CXX_LANGUAGE_STANDARD = "gnu++14";
				CLANG_CXX_LIBRARY = "libc++";
				CLANG_ENABLE_MODULES = YES;
				CLANG_ENABLE_OBJC_ARC = YES;
				CLANG_ENABLE_OBJC_WEAK = YES;
				CLANG_WARN_BLOCK_CAPTURE_AUTORELEASING = YES;
				CLANG_WARN_BOOL_CONVERSION = YES;
				CLANG_WARN_COMMA = YES;
				CLANG_WARN_CONSTANT_CONVERSION = YES;
				CLANG_WARN_DEPRECATED_OBJC_IMPLEMENTATIONS = YES;
				CLANG_WARN_DIRECT_OBJC_ISA_USAGE = YES_ERROR;
				CLANG_WARN_DOCUMENTATION_COMMENTS = YES;
				CLANG_WARN_EMPTY_BODY = YES;
				CLANG_WARN_ENUM_CONVERSION = YES;
				CLANG_WARN_INFINITE_RECURSION = YES;
				CLANG_WARN_INT_CONVERSION = YES;
				CLANG_WARN_NON_LITERAL_NULL_CONVERSION = YES;
				CLANG_WARN_OBJC_IMPLICIT_RETAIN_SELF = YES;
				CLANG_WARN_OBJC_LITERAL_CONVERSION = YES;
				CLANG_WARN_OBJC_ROOT_CLASS = YES_ERROR;
				CLANG_WARN_RANGE_LOOP_ANALYSIS = YES;
				CLANG_WARN_STRICT_PROTOTYPES = YES;
				CLANG_WARN_SUSPICIOUS_MOVE = YES;
				CLANG_WARN_UNGUARDED_AVAILABILITY = YES_AGGRESSIVE;
				CLANG_WARN_UNREACHABLE_CODE = YES;
				CLANG_WARN__DUPLICATE_METHOD_MATCH = YES;
				COPY_PHASE_STRIP = NO;
				DEBUG_INFORMATION_FORMAT = "dwarf-with-dsym";
				ENABLE_NS_ASSERTIONS = NO;
				ENABLE_STRICT_OBJC_MSGSEND = YES;
				GCC_C_LANGUAGE_STANDARD = gnu11;
				GCC_NO_COMMON_BLOCKS = YES;
				GCC_WARN_64_TO_32_BIT_CONVERSION = YES;
				GCC_WARN_ABOUT_RETURN_TYPE = YES_ERROR;
				GCC_WARN_UNDECLARED_SELECTOR = YES;
				GCC_WARN_UNINITIALIZED_AUTOS = YES_AGGRESSIVE;
				GCC_WARN_UNUSED_FUNCTION = YES;
				GCC_WARN_UNUSED_VARIABLE = YES;
				IPHONEOS_DEPLOYMENT_TARGET = 13.1;
				MTL_ENABLE_DEBUG_INFO = NO;
				MTL_FAST_MATH = YES;
				SDKROOT = iphoneos;
				SWIFT_COMPILATION_MODE = wholemodule;
				SWIFT_OPTIMIZATION_LEVEL = "-O";
				VALIDATE_PRODUCT = YES;
			};
			name = Release;
		};
		4CECD0AA23FC1AFB00101645 /* Debug */ = {
			isa = XCBuildConfiguration;
			buildSettings = {
				ASSETCATALOG_COMPILER_APPICON_NAME = AppIcon;
				CODE_SIGN_STYLE = Automatic;
				DEVELOPMENT_TEAM = APR78XD9YB;
				INFOPLIST_FILE = SlideshowApp/Info.plist;
				LD_RUNPATH_SEARCH_PATHS = (
					"$(inherited)",
					"@executable_path/Frameworks",
				);
				PRODUCT_BUNDLE_IDENTIFIER = jp.techacademy.Naoki.Ii.SlideshowApp;
				PRODUCT_NAME = "$(TARGET_NAME)";
				SWIFT_VERSION = 5.0;
				TARGETED_DEVICE_FAMILY = "1,2";
			};
			name = Debug;
		};
		4CECD0AB23FC1AFB00101645 /* Release */ = {
			isa = XCBuildConfiguration;
			buildSettings = {
				ASSETCATALOG_COMPILER_APPICON_NAME = AppIcon;
				CODE_SIGN_STYLE = Automatic;
				DEVELOPMENT_TEAM = APR78XD9YB;
				INFOPLIST_FILE = SlideshowApp/Info.plist;
				LD_RUNPATH_SEARCH_PATHS = (
					"$(inherited)",
					"@executable_path/Frameworks",
				);
				PRODUCT_BUNDLE_IDENTIFIER = jp.techacademy.Naoki.Ii.SlideshowApp;
				PRODUCT_NAME = "$(TARGET_NAME)";
				SWIFT_VERSION = 5.0;
				TARGETED_DEVICE_FAMILY = "1,2";
			};
			name = Release;
		};
/* End XCBuildConfiguration section */

/* Begin XCConfigurationList section */
		4CECD09023FC1AFA00101645 /* Build configuration list for PBXProject "SlideshowApp" */ = {
			isa = XCConfigurationList;
			buildConfigurations = (
				4CECD0A723FC1AFB00101645 /* Debug */,
				4CECD0A823FC1AFB00101645 /* Release */,
			);
			defaultConfigurationIsVisible = 0;
			defaultConfigurationName = Release;
		};
		4CECD0A923FC1AFB00101645 /* Build configuration list for PBXNativeTarget "SlideshowApp" */ = {
			isa = XCConfigurationList;
			buildConfigurations = (
				4CECD0AA23FC1AFB00101645 /* Debug */,
				4CECD0AB23FC1AFB00101645 /* Release */,
			);
			defaultConfigurationIsVisible = 0;
			defaultConfigurationName = Release;
		};
/* End XCConfigurationList section */
	};
	rootObject = 4CECD08D23FC1AFA00101645 /* Project object */;
}
